
Microsoft Visual Studio Solution File, Format Version 12.00
# Visual Studio 15
VisualStudioVersion = 15.0.26124.0
MinimumVisualStudioVersion = 15.0.26124.0
Project("{2150E333-8FDC-42A3-9474-1A3956D46DE8}") = "Hosts", "Hosts", "{21C9FE3C-8F84-478F-A159-EDFE9FEF13D2}"
EndProject
Project("{9A19103F-16F7-4668-BE54-9A1E7A4F7556}") = "EcomEngine.Api", "Hosts\EcomEngine.Api\EcomEngine.Api.csproj", "{0E3EEA2A-8A18-4513-8760-A6CE570A88E4}"
EndProject
Project("{2150E333-8FDC-42A3-9474-1A3956D46DE8}") = "Infrastructure", "Infrastructure", "{6882343B-DD9B-44A1-831F-F0D7A33527B4}"
EndProject
Project("{9A19103F-16F7-4668-BE54-9A1E7A4F7556}") = "EcomEngine.Contracts", "Infrastructure\EcomEngine.Contracts\EcomEngine.Contracts.csproj", "{9DE7D14B-97A3-4A7C-A7E2-9A34A9C7B478}"
EndProject
Project("{2150E333-8FDC-42A3-9474-1A3956D46DE8}") = "Business", "Business", "{807C14D8-399C-433F-A478-3500CE0CE1E7}"
EndProject
Project("{9A19103F-16F7-4668-BE54-9A1E7A4F7556}") = "EcomEngine.Business.Common", "Business\EcomEngine.Business.Common\EcomEngine.Business.Common.csproj", "{550D6243-0894-4F06-8A1C-D8F851F5AEA7}"
EndProject
Project("{2150E333-8FDC-42A3-9474-1A3956D46DE8}") = "Data", "Data", "{F0F24063-266A-4D33-A727-D05F452AE31C}"
EndProject
Project("{9A19103F-16F7-4668-BE54-9A1E7A4F7556}") = "EcomEngine.Data", "Data\EcomEngine.Data\EcomEngine.Data.csproj", "{FCD2B22B-4A14-46C5-A6F2-6CD56418F0DC}"
EndProject
Project("{9A19103F-16F7-4668-BE54-9A1E7A4F7556}") = "EcomEngine.DataMigration", "Data\EcomEngine.DataMigration\EcomEngine.DataMigration.csproj", "{D898C96E-70EC-4462-8F38-A47ADBABB181}"
EndProject
Project("{2150E333-8FDC-42A3-9474-1A3956D46DE8}") = "Tests", "Tests", "{ED314390-7D93-4376-A925-819F3747C5AD}"
EndProject
Project("{9A19103F-16F7-4668-BE54-9A1E7A4F7556}") = "EcomEngine.Tests.Integration", "Tests\EcomEngine.Tests.Integration\EcomEngine.Tests.Integration.csproj", "{746F60C1-F287-456F-B78F-FF5F746FA180}"
EndProject
Project("{9A19103F-16F7-4668-BE54-9A1E7A4F7556}") = "EcomEngine.Tests.Unit", "Tests\EcomEngine.Tests.Unit\EcomEngine.Tests.Unit.csproj", "{9C61C855-9BBC-43AF-ACBB-DD13E3284815}"
EndProject
Project("{9A19103F-16F7-4668-BE54-9A1E7A4F7556}") = "EcomEngine.Spa", "Hosts\EcomEngine.Spa\EcomEngine.Spa.csproj", "{E4AB2092-0DF1-42FE-9313-6AD2B7DDF10C}"
EndProject
Global
	GlobalSection(SolutionConfigurationPlatforms) = preSolution
		Debug|Any CPU = Debug|Any CPU
		Debug|x64 = Debug|x64
		Debug|x86 = Debug|x86
		Release|Any CPU = Release|Any CPU
		Release|x64 = Release|x64
		Release|x86 = Release|x86
	EndGlobalSection
	GlobalSection(ProjectConfigurationPlatforms) = postSolution
		{0E3EEA2A-8A18-4513-8760-A6CE570A88E4}.Debug|Any CPU.ActiveCfg = Debug|Any CPU
		{0E3EEA2A-8A18-4513-8760-A6CE570A88E4}.Debug|Any CPU.Build.0 = Debug|Any CPU
		{0E3EEA2A-8A18-4513-8760-A6CE570A88E4}.Debug|x64.ActiveCfg = Debug|Any CPU
		{0E3EEA2A-8A18-4513-8760-A6CE570A88E4}.Debug|x64.Build.0 = Debug|Any CPU
		{0E3EEA2A-8A18-4513-8760-A6CE570A88E4}.Debug|x86.ActiveCfg = Debug|Any CPU
		{0E3EEA2A-8A18-4513-8760-A6CE570A88E4}.Debug|x86.Build.0 = Debug|Any CPU
		{0E3EEA2A-8A18-4513-8760-A6CE570A88E4}.Release|Any CPU.ActiveCfg = Release|Any CPU
		{0E3EEA2A-8A18-4513-8760-A6CE570A88E4}.Release|Any CPU.Build.0 = Release|Any CPU
		{0E3EEA2A-8A18-4513-8760-A6CE570A88E4}.Release|x64.ActiveCfg = Release|Any CPU
		{0E3EEA2A-8A18-4513-8760-A6CE570A88E4}.Release|x64.Build.0 = Release|Any CPU
		{0E3EEA2A-8A18-4513-8760-A6CE570A88E4}.Release|x86.ActiveCfg = Release|Any CPU
		{0E3EEA2A-8A18-4513-8760-A6CE570A88E4}.Release|x86.Build.0 = Release|Any CPU
		{9DE7D14B-97A3-4A7C-A7E2-9A34A9C7B478}.Debug|Any CPU.ActiveCfg = Debug|Any CPU
		{9DE7D14B-97A3-4A7C-A7E2-9A34A9C7B478}.Debug|Any CPU.Build.0 = Debug|Any CPU
		{9DE7D14B-97A3-4A7C-A7E2-9A34A9C7B478}.Debug|x64.ActiveCfg = Debug|Any CPU
		{9DE7D14B-97A3-4A7C-A7E2-9A34A9C7B478}.Debug|x64.Build.0 = Debug|Any CPU
		{9DE7D14B-97A3-4A7C-A7E2-9A34A9C7B478}.Debug|x86.ActiveCfg = Debug|Any CPU
		{9DE7D14B-97A3-4A7C-A7E2-9A34A9C7B478}.Debug|x86.Build.0 = Debug|Any CPU
		{9DE7D14B-97A3-4A7C-A7E2-9A34A9C7B478}.Release|Any CPU.ActiveCfg = Release|Any CPU
		{9DE7D14B-97A3-4A7C-A7E2-9A34A9C7B478}.Release|Any CPU.Build.0 = Release|Any CPU
		{9DE7D14B-97A3-4A7C-A7E2-9A34A9C7B478}.Release|x64.ActiveCfg = Release|Any CPU
		{9DE7D14B-97A3-4A7C-A7E2-9A34A9C7B478}.Release|x64.Build.0 = Release|Any CPU
		{9DE7D14B-97A3-4A7C-A7E2-9A34A9C7B478}.Release|x86.ActiveCfg = Release|Any CPU
		{9DE7D14B-97A3-4A7C-A7E2-9A34A9C7B478}.Release|x86.Build.0 = Release|Any CPU
		{550D6243-0894-4F06-8A1C-D8F851F5AEA7}.Debug|Any CPU.ActiveCfg = Debug|Any CPU
		{550D6243-0894-4F06-8A1C-D8F851F5AEA7}.Debug|Any CPU.Build.0 = Debug|Any CPU
		{550D6243-0894-4F06-8A1C-D8F851F5AEA7}.Debug|x64.ActiveCfg = Debug|Any CPU
		{550D6243-0894-4F06-8A1C-D8F851F5AEA7}.Debug|x64.Build.0 = Debug|Any CPU
		{550D6243-0894-4F06-8A1C-D8F851F5AEA7}.Debug|x86.ActiveCfg = Debug|Any CPU
		{550D6243-0894-4F06-8A1C-D8F851F5AEA7}.Debug|x86.Build.0 = Debug|Any CPU
		{550D6243-0894-4F06-8A1C-D8F851F5AEA7}.Release|Any CPU.ActiveCfg = Release|Any CPU
		{550D6243-0894-4F06-8A1C-D8F851F5AEA7}.Release|Any CPU.Build.0 = Release|Any CPU
		{550D6243-0894-4F06-8A1C-D8F851F5AEA7}.Release|x64.ActiveCfg = Release|Any CPU
		{550D6243-0894-4F06-8A1C-D8F851F5AEA7}.Release|x64.Build.0 = Release|Any CPU
		{550D6243-0894-4F06-8A1C-D8F851F5AEA7}.Release|x86.ActiveCfg = Release|Any CPU
		{550D6243-0894-4F06-8A1C-D8F851F5AEA7}.Release|x86.Build.0 = Release|Any CPU
		{FCD2B22B-4A14-46C5-A6F2-6CD56418F0DC}.Debug|Any CPU.ActiveCfg = Debug|Any CPU
		{FCD2B22B-4A14-46C5-A6F2-6CD56418F0DC}.Debug|Any CPU.Build.0 = Debug|Any CPU
		{FCD2B22B-4A14-46C5-A6F2-6CD56418F0DC}.Debug|x64.ActiveCfg = Debug|Any CPU
		{FCD2B22B-4A14-46C5-A6F2-6CD56418F0DC}.Debug|x64.Build.0 = Debug|Any CPU
		{FCD2B22B-4A14-46C5-A6F2-6CD56418F0DC}.Debug|x86.ActiveCfg = Debug|Any CPU
		{FCD2B22B-4A14-46C5-A6F2-6CD56418F0DC}.Debug|x86.Build.0 = Debug|Any CPU
		{FCD2B22B-4A14-46C5-A6F2-6CD56418F0DC}.Release|Any CPU.ActiveCfg = Release|Any CPU
		{FCD2B22B-4A14-46C5-A6F2-6CD56418F0DC}.Release|Any CPU.Build.0 = Release|Any CPU
		{FCD2B22B-4A14-46C5-A6F2-6CD56418F0DC}.Release|x64.ActiveCfg = Release|Any CPU
		{FCD2B22B-4A14-46C5-A6F2-6CD56418F0DC}.Release|x64.Build.0 = Release|Any CPU
		{FCD2B22B-4A14-46C5-A6F2-6CD56418F0DC}.Release|x86.ActiveCfg = Release|Any CPU
		{FCD2B22B-4A14-46C5-A6F2-6CD56418F0DC}.Release|x86.Build.0 = Release|Any CPU
		{D898C96E-70EC-4462-8F38-A47ADBABB181}.Debug|Any CPU.ActiveCfg = Debug|Any CPU
		{D898C96E-70EC-4462-8F38-A47ADBABB181}.Debug|Any CPU.Build.0 = Debug|Any CPU
		{D898C96E-70EC-4462-8F38-A47ADBABB181}.Debug|x64.ActiveCfg = Debug|Any CPU
		{D898C96E-70EC-4462-8F38-A47ADBABB181}.Debug|x64.Build.0 = Debug|Any CPU
		{D898C96E-70EC-4462-8F38-A47ADBABB181}.Debug|x86.ActiveCfg = Debug|Any CPU
		{D898C96E-70EC-4462-8F38-A47ADBABB181}.Debug|x86.Build.0 = Debug|Any CPU
		{D898C96E-70EC-4462-8F38-A47ADBABB181}.Release|Any CPU.ActiveCfg = Release|Any CPU
		{D898C96E-70EC-4462-8F38-A47ADBABB181}.Release|Any CPU.Build.0 = Release|Any CPU
		{D898C96E-70EC-4462-8F38-A47ADBABB181}.Release|x64.ActiveCfg = Release|Any CPU
		{D898C96E-70EC-4462-8F38-A47ADBABB181}.Release|x64.Build.0 = Release|Any CPU
		{D898C96E-70EC-4462-8F38-A47ADBABB181}.Release|x86.ActiveCfg = Release|Any CPU
		{D898C96E-70EC-4462-8F38-A47ADBABB181}.Release|x86.Build.0 = Release|Any CPU
		{746F60C1-F287-456F-B78F-FF5F746FA180}.Debug|Any CPU.ActiveCfg = Debug|Any CPU
		{746F60C1-F287-456F-B78F-FF5F746FA180}.Debug|Any CPU.Build.0 = Debug|Any CPU
		{746F60C1-F287-456F-B78F-FF5F746FA180}.Debug|x64.ActiveCfg = Debug|Any CPU
		{746F60C1-F287-456F-B78F-FF5F746FA180}.Debug|x64.Build.0 = Debug|Any CPU
		{746F60C1-F287-456F-B78F-FF5F746FA180}.Debug|x86.ActiveCfg = Debug|Any CPU
		{746F60C1-F287-456F-B78F-FF5F746FA180}.Debug|x86.Build.0 = Debug|Any CPU
		{746F60C1-F287-456F-B78F-FF5F746FA180}.Release|Any CPU.ActiveCfg = Release|Any CPU
		{746F60C1-F287-456F-B78F-FF5F746FA180}.Release|Any CPU.Build.0 = Release|Any CPU
		{746F60C1-F287-456F-B78F-FF5F746FA180}.Release|x64.ActiveCfg = Release|Any CPU
		{746F60C1-F287-456F-B78F-FF5F746FA180}.Release|x64.Build.0 = Release|Any CPU
		{746F60C1-F287-456F-B78F-FF5F746FA180}.Release|x86.ActiveCfg = Release|Any CPU
		{746F60C1-F287-456F-B78F-FF5F746FA180}.Release|x86.Build.0 = Release|Any CPU
		{9C61C855-9BBC-43AF-ACBB-DD13E3284815}.Debug|Any CPU.ActiveCfg = Debug|Any CPU
		{9C61C855-9BBC-43AF-ACBB-DD13E3284815}.Debug|Any CPU.Build.0 = Debug|Any CPU
		{9C61C855-9BBC-43AF-ACBB-DD13E3284815}.Debug|x64.ActiveCfg = Debug|Any CPU
		{9C61C855-9BBC-43AF-ACBB-DD13E3284815}.Debug|x64.Build.0 = Debug|Any CPU
		{9C61C855-9BBC-43AF-ACBB-DD13E3284815}.Debug|x86.ActiveCfg = Debug|Any CPU
		{9C61C855-9BBC-43AF-ACBB-DD13E3284815}.Debug|x86.Build.0 = Debug|Any CPU
		{9C61C855-9BBC-43AF-ACBB-DD13E3284815}.Release|Any CPU.ActiveCfg = Release|Any CPU
		{9C61C855-9BBC-43AF-ACBB-DD13E3284815}.Release|Any CPU.Build.0 = Release|Any CPU
		{9C61C855-9BBC-43AF-ACBB-DD13E3284815}.Release|x64.ActiveCfg = Release|Any CPU
		{9C61C855-9BBC-43AF-ACBB-DD13E3284815}.Release|x64.Build.0 = Release|Any CPU
		{9C61C855-9BBC-43AF-ACBB-DD13E3284815}.Release|x86.ActiveCfg = Release|Any CPU
		{9C61C855-9BBC-43AF-ACBB-DD13E3284815}.Release|x86.Build.0 = Release|Any CPU
		{E4AB2092-0DF1-42FE-9313-6AD2B7DDF10C}.Debug|Any CPU.ActiveCfg = Debug|Any CPU
		{E4AB2092-0DF1-42FE-9313-6AD2B7DDF10C}.Debug|Any CPU.Build.0 = Debug|Any CPU
		{E4AB2092-0DF1-42FE-9313-6AD2B7DDF10C}.Debug|x64.ActiveCfg = Debug|Any CPU
		{E4AB2092-0DF1-42FE-9313-6AD2B7DDF10C}.Debug|x64.Build.0 = Debug|Any CPU
		{E4AB2092-0DF1-42FE-9313-6AD2B7DDF10C}.Debug|x86.ActiveCfg = Debug|Any CPU
		{E4AB2092-0DF1-42FE-9313-6AD2B7DDF10C}.Debug|x86.Build.0 = Debug|Any CPU
		{E4AB2092-0DF1-42FE-9313-6AD2B7DDF10C}.Release|Any CPU.ActiveCfg = Release|Any CPU
		{E4AB2092-0DF1-42FE-9313-6AD2B7DDF10C}.Release|Any CPU.Build.0 = Release|Any CPU
		{E4AB2092-0DF1-42FE-9313-6AD2B7DDF10C}.Release|x64.ActiveCfg = Release|Any CPU
		{E4AB2092-0DF1-42FE-9313-6AD2B7DDF10C}.Release|x64.Build.0 = Release|Any CPU
		{E4AB2092-0DF1-42FE-9313-6AD2B7DDF10C}.Release|x86.ActiveCfg = Release|Any CPU
		{E4AB2092-0DF1-42FE-9313-6AD2B7DDF10C}.Release|x86.Build.0 = Release|Any CPU
	EndGlobalSection
	GlobalSection(SolutionProperties) = preSolution
		HideSolutionNode = FALSE
	EndGlobalSection
	GlobalSection(NestedProjects) = preSolution
		{0E3EEA2A-8A18-4513-8760-A6CE570A88E4} = {21C9FE3C-8F84-478F-A159-EDFE9FEF13D2}
		{9DE7D14B-97A3-4A7C-A7E2-9A34A9C7B478} = {6882343B-DD9B-44A1-831F-F0D7A33527B4}
		{550D6243-0894-4F06-8A1C-D8F851F5AEA7} = {807C14D8-399C-433F-A478-3500CE0CE1E7}
		{FCD2B22B-4A14-46C5-A6F2-6CD56418F0DC} = {F0F24063-266A-4D33-A727-D05F452AE31C}
		{D898C96E-70EC-4462-8F38-A47ADBABB181} = {F0F24063-266A-4D33-A727-D05F452AE31C}
		{746F60C1-F287-456F-B78F-FF5F746FA180} = {ED314390-7D93-4376-A925-819F3747C5AD}
		{9C61C855-9BBC-43AF-ACBB-DD13E3284815} = {ED314390-7D93-4376-A925-819F3747C5AD}
		{E4AB2092-0DF1-42FE-9313-6AD2B7DDF10C} = {21C9FE3C-8F84-478F-A159-EDFE9FEF13D2}
	EndGlobalSection
	GlobalSection(ExtensibilityGlobals) = postSolution
		SolutionGuid = {1A776476-4F59-4112-AF87-257CEAE8C192}
	EndGlobalSection
EndGlobal
