Microsoft Visual Studio Solution File, Format Version 12.00
# Visual Studio 15
VisualStudioVersion = 15.0.26124.0
MinimumVisualStudioVersion = 15.0.26124.0
Project("{2150E333-8FDC-42A3-9474-1A3956D46DE8}") = "Hosts", "Hosts", "{E53100C6-412C-4716-9FF5-7CD215AFA398}"
EndProject
Project("{9A19103F-16F7-4668-BE54-9A1E7A4F7556}") = "EcomEngineTechChallenge.ApiHost", "Hosts\EcomEngineTechChallenge.ApiHost\EcomEngineTechChallenge.ApiHost.csproj", "{091F1863-97F9-462E-8BE7-42894A49B607}"
EndProject
Project("{2150E333-8FDC-42A3-9474-1A3956D46DE8}") = "Infrastructure", "Infrastructure", "{3E816DCE-5B01-4957-A315-EDDB15C29872}"
EndProject
Project("{9A19103F-16F7-4668-BE54-9A1E7A4F7556}") = "EcomEngineTechChallenge.Contracts", "Infrastructure\EcomEngineTechChallenge.Contracts\EcomEngineTechChallenge.Contracts.csproj", "{65CA7231-8D3A-4F31-A0F7-B962D23A8F58}"
EndProject
Project("{2150E333-8FDC-42A3-9474-1A3956D46DE8}") = "Business", "Business", "{7229966B-3918-4160-8FF9-776DE9215163}"
EndProject
Project("{9A19103F-16F7-4668-BE54-9A1E7A4F7556}") = "EcomEngineTechChallenge.Business.Common", "Business\EcomEngineTechChallenge.Business.Common\EcomEngineTechChallenge.Business.Common.csproj", "{88B8353B-AFB8-4CD3-BD94-F236D545E9CA}"
EndProject
Project("{2150E333-8FDC-42A3-9474-1A3956D46DE8}") = "Data", "Data", "{42D68664-92DB-4FD5-A13A-E0BF1ED8E12B}"
EndProject
Project("{9A19103F-16F7-4668-BE54-9A1E7A4F7556}") = "EcomEngineTechChallenge.Data", "Data\EcomEngineTechChallenge.Data\EcomEngineTechChallenge.Data.csproj", "{BD55FDC9-93D7-482A-8E92-146114CD6798}"
EndProject
Project("{9A19103F-16F7-4668-BE54-9A1E7A4F7556}") = "EcomEngineTechChallenge.ConsoleSeeder", "Hosts\EcomEngineTechChallenge.ConsoleSeeder\EcomEngineTechChallenge.ConsoleSeeder.csproj", "{01C8C244-A683-4D84-95E3-8FE325F7CCC3}"
EndProject
Project("{2150E333-8FDC-42A3-9474-1A3956D46DE8}") = "Tests", "Tests", "{F711F067-0018-44A1-A828-A7F8DDBEA100}"
EndProject
Project("{9A19103F-16F7-4668-BE54-9A1E7A4F7556}") = "EcomEngineTechChallenge.Tests.Integration", "Tests\EcomEngineTechChallenge.Tests.Integration\EcomEngineTechChallenge.Tests.Integration.csproj", "{CD5FD4DF-1317-4BBB-A030-4D99AAD38480}"
EndProject
Project("{9A19103F-16F7-4668-BE54-9A1E7A4F7556}") = "EcomEngineTechChallenge.Tests.Unit", "Tests\EcomEngineTechChallenge.Tests.Unit\EcomEngineTechChallenge.Tests.Unit.csproj", "{668628E5-E7D7-4A10-BE2F-C1172067B7A3}"
EndProject
Project("{FAE04EC0-301F-11D3-BF4B-00C04F79EFBC}") = "EcomEngineTechChallenge.Spa", "Hosts\EcomEngineTechChallenge.Spa\EcomEngineTechChallenge.Spa.csproj", "{3433391C-93C6-4B31-8FA3-ABBCF62BE454}"
EndProject
Global
	GlobalSection(SolutionConfigurationPlatforms) = preSolution
		Debug|Any CPU = Debug|Any CPU
		Debug|x64 = Debug|x64
		Debug|x86 = Debug|x86
		Release|Any CPU = Release|Any CPU
		Release|x64 = Release|x64
		Release|x86 = Release|x86
	EndGlobalSection
	GlobalSection(ProjectConfigurationPlatforms) = postSolution
		{091F1863-97F9-462E-8BE7-42894A49B607}.Debug|Any CPU.ActiveCfg = Debug|Any CPU
		{091F1863-97F9-462E-8BE7-42894A49B607}.Debug|Any CPU.Build.0 = Debug|Any CPU
		{091F1863-97F9-462E-8BE7-42894A49B607}.Debug|x64.ActiveCfg = Debug|Any CPU
		{091F1863-97F9-462E-8BE7-42894A49B607}.Debug|x64.Build.0 = Debug|Any CPU
		{091F1863-97F9-462E-8BE7-42894A49B607}.Debug|x86.ActiveCfg = Debug|Any CPU
		{091F1863-97F9-462E-8BE7-42894A49B607}.Debug|x86.Build.0 = Debug|Any CPU
		{091F1863-97F9-462E-8BE7-42894A49B607}.Release|Any CPU.ActiveCfg = Release|Any CPU
		{091F1863-97F9-462E-8BE7-42894A49B607}.Release|Any CPU.Build.0 = Release|Any CPU
		{091F1863-97F9-462E-8BE7-42894A49B607}.Release|x64.ActiveCfg = Release|Any CPU
		{091F1863-97F9-462E-8BE7-42894A49B607}.Release|x64.Build.0 = Release|Any CPU
		{091F1863-97F9-462E-8BE7-42894A49B607}.Release|x86.ActiveCfg = Release|Any CPU
		{091F1863-97F9-462E-8BE7-42894A49B607}.Release|x86.Build.0 = Release|Any CPU
		{65CA7231-8D3A-4F31-A0F7-B962D23A8F58}.Debug|Any CPU.ActiveCfg = Debug|Any CPU
		{65CA7231-8D3A-4F31-A0F7-B962D23A8F58}.Debug|Any CPU.Build.0 = Debug|Any CPU
		{65CA7231-8D3A-4F31-A0F7-B962D23A8F58}.Debug|x64.ActiveCfg = Debug|Any CPU
		{65CA7231-8D3A-4F31-A0F7-B962D23A8F58}.Debug|x64.Build.0 = Debug|Any CPU
		{65CA7231-8D3A-4F31-A0F7-B962D23A8F58}.Debug|x86.ActiveCfg = Debug|Any CPU
		{65CA7231-8D3A-4F31-A0F7-B962D23A8F58}.Debug|x86.Build.0 = Debug|Any CPU
		{65CA7231-8D3A-4F31-A0F7-B962D23A8F58}.Release|Any CPU.ActiveCfg = Release|Any CPU
		{65CA7231-8D3A-4F31-A0F7-B962D23A8F58}.Release|Any CPU.Build.0 = Release|Any CPU
		{65CA7231-8D3A-4F31-A0F7-B962D23A8F58}.Release|x64.ActiveCfg = Release|Any CPU
		{65CA7231-8D3A-4F31-A0F7-B962D23A8F58}.Release|x64.Build.0 = Release|Any CPU
		{65CA7231-8D3A-4F31-A0F7-B962D23A8F58}.Release|x86.ActiveCfg = Release|Any CPU
		{65CA7231-8D3A-4F31-A0F7-B962D23A8F58}.Release|x86.Build.0 = Release|Any CPU
		{88B8353B-AFB8-4CD3-BD94-F236D545E9CA}.Debug|Any CPU.ActiveCfg = Debug|Any CPU
		{88B8353B-AFB8-4CD3-BD94-F236D545E9CA}.Debug|Any CPU.Build.0 = Debug|Any CPU
		{88B8353B-AFB8-4CD3-BD94-F236D545E9CA}.Debug|x64.ActiveCfg = Debug|Any CPU
		{88B8353B-AFB8-4CD3-BD94-F236D545E9CA}.Debug|x64.Build.0 = Debug|Any CPU
		{88B8353B-AFB8-4CD3-BD94-F236D545E9CA}.Debug|x86.ActiveCfg = Debug|Any CPU
		{88B8353B-AFB8-4CD3-BD94-F236D545E9CA}.Debug|x86.Build.0 = Debug|Any CPU
		{88B8353B-AFB8-4CD3-BD94-F236D545E9CA}.Release|Any CPU.ActiveCfg = Release|Any CPU
		{88B8353B-AFB8-4CD3-BD94-F236D545E9CA}.Release|Any CPU.Build.0 = Release|Any CPU
		{88B8353B-AFB8-4CD3-BD94-F236D545E9CA}.Release|x64.ActiveCfg = Release|Any CPU
		{88B8353B-AFB8-4CD3-BD94-F236D545E9CA}.Release|x64.Build.0 = Release|Any CPU
		{88B8353B-AFB8-4CD3-BD94-F236D545E9CA}.Release|x86.ActiveCfg = Release|Any CPU
		{88B8353B-AFB8-4CD3-BD94-F236D545E9CA}.Release|x86.Build.0 = Release|Any CPU
		{BD55FDC9-93D7-482A-8E92-146114CD6798}.Debug|Any CPU.ActiveCfg = Debug|Any CPU
		{BD55FDC9-93D7-482A-8E92-146114CD6798}.Debug|Any CPU.Build.0 = Debug|Any CPU
		{BD55FDC9-93D7-482A-8E92-146114CD6798}.Debug|x64.ActiveCfg = Debug|Any CPU
		{BD55FDC9-93D7-482A-8E92-146114CD6798}.Debug|x64.Build.0 = Debug|Any CPU
		{BD55FDC9-93D7-482A-8E92-146114CD6798}.Debug|x86.ActiveCfg = Debug|Any CPU
		{BD55FDC9-93D7-482A-8E92-146114CD6798}.Debug|x86.Build.0 = Debug|Any CPU
		{BD55FDC9-93D7-482A-8E92-146114CD6798}.Release|Any CPU.ActiveCfg = Release|Any CPU
		{BD55FDC9-93D7-482A-8E92-146114CD6798}.Release|Any CPU.Build.0 = Release|Any CPU
		{BD55FDC9-93D7-482A-8E92-146114CD6798}.Release|x64.ActiveCfg = Release|Any CPU
		{BD55FDC9-93D7-482A-8E92-146114CD6798}.Release|x64.Build.0 = Release|Any CPU
		{BD55FDC9-93D7-482A-8E92-146114CD6798}.Release|x86.ActiveCfg = Release|Any CPU
		{BD55FDC9-93D7-482A-8E92-146114CD6798}.Release|x86.Build.0 = Release|Any CPU
		{01C8C244-A683-4D84-95E3-8FE325F7CCC3}.Debug|Any CPU.ActiveCfg = Debug|Any CPU
		{01C8C244-A683-4D84-95E3-8FE325F7CCC3}.Debug|Any CPU.Build.0 = Debug|Any CPU
		{01C8C244-A683-4D84-95E3-8FE325F7CCC3}.Debug|x64.ActiveCfg = Debug|Any CPU
		{01C8C244-A683-4D84-95E3-8FE325F7CCC3}.Debug|x64.Build.0 = Debug|Any CPU
		{01C8C244-A683-4D84-95E3-8FE325F7CCC3}.Debug|x86.ActiveCfg = Debug|Any CPU
		{01C8C244-A683-4D84-95E3-8FE325F7CCC3}.Debug|x86.Build.0 = Debug|Any CPU
		{01C8C244-A683-4D84-95E3-8FE325F7CCC3}.Release|Any CPU.ActiveCfg = Release|Any CPU
		{01C8C244-A683-4D84-95E3-8FE325F7CCC3}.Release|Any CPU.Build.0 = Release|Any CPU
		{01C8C244-A683-4D84-95E3-8FE325F7CCC3}.Release|x64.ActiveCfg = Release|Any CPU
		{01C8C244-A683-4D84-95E3-8FE325F7CCC3}.Release|x64.Build.0 = Release|Any CPU
		{01C8C244-A683-4D84-95E3-8FE325F7CCC3}.Release|x86.ActiveCfg = Release|Any CPU
		{01C8C244-A683-4D84-95E3-8FE325F7CCC3}.Release|x86.Build.0 = Release|Any CPU
		{CD5FD4DF-1317-4BBB-A030-4D99AAD38480}.Debug|Any CPU.ActiveCfg = Debug|Any CPU
		{CD5FD4DF-1317-4BBB-A030-4D99AAD38480}.Debug|Any CPU.Build.0 = Debug|Any CPU
		{CD5FD4DF-1317-4BBB-A030-4D99AAD38480}.Debug|x64.ActiveCfg = Debug|Any CPU
		{CD5FD4DF-1317-4BBB-A030-4D99AAD38480}.Debug|x64.Build.0 = Debug|Any CPU
		{CD5FD4DF-1317-4BBB-A030-4D99AAD38480}.Debug|x86.ActiveCfg = Debug|Any CPU
		{CD5FD4DF-1317-4BBB-A030-4D99AAD38480}.Debug|x86.Build.0 = Debug|Any CPU
		{CD5FD4DF-1317-4BBB-A030-4D99AAD38480}.Release|Any CPU.ActiveCfg = Release|Any CPU
		{CD5FD4DF-1317-4BBB-A030-4D99AAD38480}.Release|Any CPU.Build.0 = Release|Any CPU
		{CD5FD4DF-1317-4BBB-A030-4D99AAD38480}.Release|x64.ActiveCfg = Release|Any CPU
		{CD5FD4DF-1317-4BBB-A030-4D99AAD38480}.Release|x64.Build.0 = Release|Any CPU
		{CD5FD4DF-1317-4BBB-A030-4D99AAD38480}.Release|x86.ActiveCfg = Release|Any CPU
		{CD5FD4DF-1317-4BBB-A030-4D99AAD38480}.Release|x86.Build.0 = Release|Any CPU
		{668628E5-E7D7-4A10-BE2F-C1172067B7A3}.Debug|Any CPU.ActiveCfg = Debug|Any CPU
		{668628E5-E7D7-4A10-BE2F-C1172067B7A3}.Debug|Any CPU.Build.0 = Debug|Any CPU
		{668628E5-E7D7-4A10-BE2F-C1172067B7A3}.Debug|x64.ActiveCfg = Debug|Any CPU
		{668628E5-E7D7-4A10-BE2F-C1172067B7A3}.Debug|x64.Build.0 = Debug|Any CPU
		{668628E5-E7D7-4A10-BE2F-C1172067B7A3}.Debug|x86.ActiveCfg = Debug|Any CPU
		{668628E5-E7D7-4A10-BE2F-C1172067B7A3}.Debug|x86.Build.0 = Debug|Any CPU
		{668628E5-E7D7-4A10-BE2F-C1172067B7A3}.Release|Any CPU.ActiveCfg = Release|Any CPU
		{668628E5-E7D7-4A10-BE2F-C1172067B7A3}.Release|Any CPU.Build.0 = Release|Any CPU
		{668628E5-E7D7-4A10-BE2F-C1172067B7A3}.Release|x64.ActiveCfg = Release|Any CPU
		{668628E5-E7D7-4A10-BE2F-C1172067B7A3}.Release|x64.Build.0 = Release|Any CPU
		{668628E5-E7D7-4A10-BE2F-C1172067B7A3}.Release|x86.ActiveCfg = Release|Any CPU
		{668628E5-E7D7-4A10-BE2F-C1172067B7A3}.Release|x86.Build.0 = Release|Any CPU
		{3433391C-93C6-4B31-8FA3-ABBCF62BE454}.Debug|Any CPU.ActiveCfg = Debug|Any CPU
		{3433391C-93C6-4B31-8FA3-ABBCF62BE454}.Debug|Any CPU.Build.0 = Debug|Any CPU
		{3433391C-93C6-4B31-8FA3-ABBCF62BE454}.Debug|x64.ActiveCfg = Debug|Any CPU
		{3433391C-93C6-4B31-8FA3-ABBCF62BE454}.Debug|x64.Build.0 = Debug|Any CPU
		{3433391C-93C6-4B31-8FA3-ABBCF62BE454}.Debug|x86.ActiveCfg = Debug|Any CPU
		{3433391C-93C6-4B31-8FA3-ABBCF62BE454}.Debug|x86.Build.0 = Debug|Any CPU
		{3433391C-93C6-4B31-8FA3-ABBCF62BE454}.Release|Any CPU.ActiveCfg = Release|Any CPU
		{3433391C-93C6-4B31-8FA3-ABBCF62BE454}.Release|Any CPU.Build.0 = Release|Any CPU
		{3433391C-93C6-4B31-8FA3-ABBCF62BE454}.Release|x64.ActiveCfg = Release|Any CPU
		{3433391C-93C6-4B31-8FA3-ABBCF62BE454}.Release|x64.Build.0 = Release|Any CPU
		{3433391C-93C6-4B31-8FA3-ABBCF62BE454}.Release|x86.ActiveCfg = Release|Any CPU
		{3433391C-93C6-4B31-8FA3-ABBCF62BE454}.Release|x86.Build.0 = Release|Any CPU
	EndGlobalSection
	GlobalSection(SolutionProperties) = preSolution
		HideSolutionNode = FALSE
	EndGlobalSection
	GlobalSection(NestedProjects) = preSolution
		{091F1863-97F9-462E-8BE7-42894A49B607} = {E53100C6-412C-4716-9FF5-7CD215AFA398}
		{65CA7231-8D3A-4F31-A0F7-B962D23A8F58} = {3E816DCE-5B01-4957-A315-EDDB15C29872}
		{88B8353B-AFB8-4CD3-BD94-F236D545E9CA} = {7229966B-3918-4160-8FF9-776DE9215163}
		{BD55FDC9-93D7-482A-8E92-146114CD6798} = {42D68664-92DB-4FD5-A13A-E0BF1ED8E12B}
		{01C8C244-A683-4D84-95E3-8FE325F7CCC3} = {E53100C6-412C-4716-9FF5-7CD215AFA398}
		{CD5FD4DF-1317-4BBB-A030-4D99AAD38480} = {F711F067-0018-44A1-A828-A7F8DDBEA100}
		{668628E5-E7D7-4A10-BE2F-C1172067B7A3} = {F711F067-0018-44A1-A828-A7F8DDBEA100}
		{3433391C-93C6-4B31-8FA3-ABBCF62BE454} = {E53100C6-412C-4716-9FF5-7CD215AFA398}
	EndGlobalSection
	GlobalSection(ExtensibilityGlobals) = postSolution
		SolutionGuid = {3B62CDDA-C1FA-4E0A-A411-1BAC34038EE6}
	EndGlobalSection
EndGlobal
